
Microsoft Visual Studio Solution File, Format Version 12.00
# Visual Studio 15
VisualStudioVersion = 15.0.28010.2046
MinimumVisualStudioVersion = 10.0.40219.1
Project("{FAE04EC0-301F-11D3-BF4B-00C04F79EFBC}") = "Sales.Android", "Sales\Sales.Android\Sales.Android.csproj", "{B4FFB62E-1F3B-4915-AA63-5C0F795BFA07}"
EndProject
Project("{FAE04EC0-301F-11D3-BF4B-00C04F79EFBC}") = "Sales.iOS", "Sales\Sales.iOS\Sales.iOS.csproj", "{B1D55260-A0BB-415F-A635-71C261B978D1}"
EndProject
Project("{FAE04EC0-301F-11D3-BF4B-00C04F79EFBC}") = "Sales.UWP", "Sales\Sales.UWP\Sales.UWP.csproj", "{BC0887B2-1BC2-45EA-A8C7-50120A5BFC02}"
EndProject
Project("{9A19103F-16F7-4668-BE54-9A1E7A4F7556}") = "Sales", "Sales\Sales\Sales.csproj", "{B1D47FF4-9257-4DFB-8B37-30ECBA1A8EA8}"
EndProject
Project("{FAE04EC0-301F-11D3-BF4B-00C04F79EFBC}") = "Sales.Backend", "Sales.Backend\Sales.Backend.csproj", "{91EB33DE-C183-48FC-AB01-73F89213E703}"
EndProject
Project("{FAE04EC0-301F-11D3-BF4B-00C04F79EFBC}") = "Sales.API", "Sales.API\Sales.API.csproj", "{CB628866-A784-460E-AD84-9483E078C66D}"
EndProject
Project("{FAE04EC0-301F-11D3-BF4B-00C04F79EFBC}") = "Sales.Domain", "Sales.Domain\Sales.Domain.csproj", "{91349D0C-3670-420C-AEAF-87F7FCAD6167}"
EndProject
Project("{FAE04EC0-301F-11D3-BF4B-00C04F79EFBC}") = "Sales.Common", "Sales.Common\Sales.Common.csproj", "{2C3F4829-1D4D-4FEC-A93C-556031175867}"
EndProject
Global
	GlobalSection(SolutionConfigurationPlatforms) = preSolution
		Ad-Hoc|Any CPU = Ad-Hoc|Any CPU
		Ad-Hoc|ARM = Ad-Hoc|ARM
		Ad-Hoc|iPhone = Ad-Hoc|iPhone
		Ad-Hoc|iPhoneSimulator = Ad-Hoc|iPhoneSimulator
		Ad-Hoc|x64 = Ad-Hoc|x64
		Ad-Hoc|x86 = Ad-Hoc|x86
		AppStore|Any CPU = AppStore|Any CPU
		AppStore|ARM = AppStore|ARM
		AppStore|iPhone = AppStore|iPhone
		AppStore|iPhoneSimulator = AppStore|iPhoneSimulator
		AppStore|x64 = AppStore|x64
		AppStore|x86 = AppStore|x86
		Debug|Any CPU = Debug|Any CPU
		Debug|ARM = Debug|ARM
		Debug|iPhone = Debug|iPhone
		Debug|iPhoneSimulator = Debug|iPhoneSimulator
		Debug|x64 = Debug|x64
		Debug|x86 = Debug|x86
		Release|Any CPU = Release|Any CPU
		Release|ARM = Release|ARM
		Release|iPhone = Release|iPhone
		Release|iPhoneSimulator = Release|iPhoneSimulator
		Release|x64 = Release|x64
		Release|x86 = Release|x86
	EndGlobalSection
	GlobalSection(ProjectConfigurationPlatforms) = postSolution
		{B4FFB62E-1F3B-4915-AA63-5C0F795BFA07}.Ad-Hoc|Any CPU.ActiveCfg = Release|Any CPU
		{B4FFB62E-1F3B-4915-AA63-5C0F795BFA07}.Ad-Hoc|Any CPU.Build.0 = Release|Any CPU
		{B4FFB62E-1F3B-4915-AA63-5C0F795BFA07}.Ad-Hoc|Any CPU.Deploy.0 = Release|Any CPU
		{B4FFB62E-1F3B-4915-AA63-5C0F795BFA07}.Ad-Hoc|ARM.ActiveCfg = Release|Any CPU
		{B4FFB62E-1F3B-4915-AA63-5C0F795BFA07}.Ad-Hoc|ARM.Build.0 = Release|Any CPU
		{B4FFB62E-1F3B-4915-AA63-5C0F795BFA07}.Ad-Hoc|ARM.Deploy.0 = Release|Any CPU
		{B4FFB62E-1F3B-4915-AA63-5C0F795BFA07}.Ad-Hoc|iPhone.ActiveCfg = Release|Any CPU
		{B4FFB62E-1F3B-4915-AA63-5C0F795BFA07}.Ad-Hoc|iPhone.Build.0 = Release|Any CPU
		{B4FFB62E-1F3B-4915-AA63-5C0F795BFA07}.Ad-Hoc|iPhone.Deploy.0 = Release|Any CPU
		{B4FFB62E-1F3B-4915-AA63-5C0F795BFA07}.Ad-Hoc|iPhoneSimulator.ActiveCfg = Release|Any CPU
		{B4FFB62E-1F3B-4915-AA63-5C0F795BFA07}.Ad-Hoc|iPhoneSimulator.Build.0 = Release|Any CPU
		{B4FFB62E-1F3B-4915-AA63-5C0F795BFA07}.Ad-Hoc|iPhoneSimulator.Deploy.0 = Release|Any CPU
		{B4FFB62E-1F3B-4915-AA63-5C0F795BFA07}.Ad-Hoc|x64.ActiveCfg = Release|Any CPU
		{B4FFB62E-1F3B-4915-AA63-5C0F795BFA07}.Ad-Hoc|x64.Build.0 = Release|Any CPU
		{B4FFB62E-1F3B-4915-AA63-5C0F795BFA07}.Ad-Hoc|x64.Deploy.0 = Release|Any CPU
		{B4FFB62E-1F3B-4915-AA63-5C0F795BFA07}.Ad-Hoc|x86.ActiveCfg = Release|Any CPU
		{B4FFB62E-1F3B-4915-AA63-5C0F795BFA07}.Ad-Hoc|x86.Build.0 = Release|Any CPU
		{B4FFB62E-1F3B-4915-AA63-5C0F795BFA07}.Ad-Hoc|x86.Deploy.0 = Release|Any CPU
		{B4FFB62E-1F3B-4915-AA63-5C0F795BFA07}.AppStore|Any CPU.ActiveCfg = Release|Any CPU
		{B4FFB62E-1F3B-4915-AA63-5C0F795BFA07}.AppStore|Any CPU.Build.0 = Release|Any CPU
		{B4FFB62E-1F3B-4915-AA63-5C0F795BFA07}.AppStore|Any CPU.Deploy.0 = Release|Any CPU
		{B4FFB62E-1F3B-4915-AA63-5C0F795BFA07}.AppStore|ARM.ActiveCfg = Release|Any CPU
		{B4FFB62E-1F3B-4915-AA63-5C0F795BFA07}.AppStore|ARM.Build.0 = Release|Any CPU
		{B4FFB62E-1F3B-4915-AA63-5C0F795BFA07}.AppStore|ARM.Deploy.0 = Release|Any CPU
		{B4FFB62E-1F3B-4915-AA63-5C0F795BFA07}.AppStore|iPhone.ActiveCfg = Release|Any CPU
		{B4FFB62E-1F3B-4915-AA63-5C0F795BFA07}.AppStore|iPhone.Build.0 = Release|Any CPU
		{B4FFB62E-1F3B-4915-AA63-5C0F795BFA07}.AppStore|iPhone.Deploy.0 = Release|Any CPU
		{B4FFB62E-1F3B-4915-AA63-5C0F795BFA07}.AppStore|iPhoneSimulator.ActiveCfg = Release|Any CPU
		{B4FFB62E-1F3B-4915-AA63-5C0F795BFA07}.AppStore|iPhoneSimulator.Build.0 = Release|Any CPU
		{B4FFB62E-1F3B-4915-AA63-5C0F795BFA07}.AppStore|iPhoneSimulator.Deploy.0 = Release|Any CPU
		{B4FFB62E-1F3B-4915-AA63-5C0F795BFA07}.AppStore|x64.ActiveCfg = Release|Any CPU
		{B4FFB62E-1F3B-4915-AA63-5C0F795BFA07}.AppStore|x64.Build.0 = Release|Any CPU
		{B4FFB62E-1F3B-4915-AA63-5C0F795BFA07}.AppStore|x64.Deploy.0 = Release|Any CPU
		{B4FFB62E-1F3B-4915-AA63-5C0F795BFA07}.AppStore|x86.ActiveCfg = Release|Any CPU
		{B4FFB62E-1F3B-4915-AA63-5C0F795BFA07}.AppStore|x86.Build.0 = Release|Any CPU
		{B4FFB62E-1F3B-4915-AA63-5C0F795BFA07}.AppStore|x86.Deploy.0 = Release|Any CPU
		{B4FFB62E-1F3B-4915-AA63-5C0F795BFA07}.Debug|Any CPU.ActiveCfg = Debug|Any CPU
		{B4FFB62E-1F3B-4915-AA63-5C0F795BFA07}.Debug|Any CPU.Build.0 = Debug|Any CPU
		{B4FFB62E-1F3B-4915-AA63-5C0F795BFA07}.Debug|Any CPU.Deploy.0 = Debug|Any CPU
		{B4FFB62E-1F3B-4915-AA63-5C0F795BFA07}.Debug|ARM.ActiveCfg = Debug|Any CPU
		{B4FFB62E-1F3B-4915-AA63-5C0F795BFA07}.Debug|ARM.Build.0 = Debug|Any CPU
		{B4FFB62E-1F3B-4915-AA63-5C0F795BFA07}.Debug|ARM.Deploy.0 = Debug|Any CPU
		{B4FFB62E-1F3B-4915-AA63-5C0F795BFA07}.Debug|iPhone.ActiveCfg = Debug|Any CPU
		{B4FFB62E-1F3B-4915-AA63-5C0F795BFA07}.Debug|iPhone.Build.0 = Debug|Any CPU
		{B4FFB62E-1F3B-4915-AA63-5C0F795BFA07}.Debug|iPhone.Deploy.0 = Debug|Any CPU
		{B4FFB62E-1F3B-4915-AA63-5C0F795BFA07}.Debug|iPhoneSimulator.ActiveCfg = Debug|Any CPU
		{B4FFB62E-1F3B-4915-AA63-5C0F795BFA07}.Debug|iPhoneSimulator.Build.0 = Debug|Any CPU
		{B4FFB62E-1F3B-4915-AA63-5C0F795BFA07}.Debug|iPhoneSimulator.Deploy.0 = Debug|Any CPU
		{B4FFB62E-1F3B-4915-AA63-5C0F795BFA07}.Debug|x64.ActiveCfg = Debug|Any CPU
		{B4FFB62E-1F3B-4915-AA63-5C0F795BFA07}.Debug|x64.Build.0 = Debug|Any CPU
		{B4FFB62E-1F3B-4915-AA63-5C0F795BFA07}.Debug|x64.Deploy.0 = Debug|Any CPU
		{B4FFB62E-1F3B-4915-AA63-5C0F795BFA07}.Debug|x86.ActiveCfg = Debug|Any CPU
		{B4FFB62E-1F3B-4915-AA63-5C0F795BFA07}.Debug|x86.Build.0 = Debug|Any CPU
		{B4FFB62E-1F3B-4915-AA63-5C0F795BFA07}.Debug|x86.Deploy.0 = Debug|Any CPU
		{B4FFB62E-1F3B-4915-AA63-5C0F795BFA07}.Release|Any CPU.ActiveCfg = Release|Any CPU
		{B4FFB62E-1F3B-4915-AA63-5C0F795BFA07}.Release|Any CPU.Build.0 = Release|Any CPU
		{B4FFB62E-1F3B-4915-AA63-5C0F795BFA07}.Release|Any CPU.Deploy.0 = Release|Any CPU
		{B4FFB62E-1F3B-4915-AA63-5C0F795BFA07}.Release|ARM.ActiveCfg = Release|Any CPU
		{B4FFB62E-1F3B-4915-AA63-5C0F795BFA07}.Release|ARM.Build.0 = Release|Any CPU
		{B4FFB62E-1F3B-4915-AA63-5C0F795BFA07}.Release|ARM.Deploy.0 = Release|Any CPU
		{B4FFB62E-1F3B-4915-AA63-5C0F795BFA07}.Release|iPhone.ActiveCfg = Release|Any CPU
		{B4FFB62E-1F3B-4915-AA63-5C0F795BFA07}.Release|iPhone.Build.0 = Release|Any CPU
		{B4FFB62E-1F3B-4915-AA63-5C0F795BFA07}.Release|iPhone.Deploy.0 = Release|Any CPU
		{B4FFB62E-1F3B-4915-AA63-5C0F795BFA07}.Release|iPhoneSimulator.ActiveCfg = Release|Any CPU
		{B4FFB62E-1F3B-4915-AA63-5C0F795BFA07}.Release|iPhoneSimulator.Build.0 = Release|Any CPU
		{B4FFB62E-1F3B-4915-AA63-5C0F795BFA07}.Release|iPhoneSimulator.Deploy.0 = Release|Any CPU
		{B4FFB62E-1F3B-4915-AA63-5C0F795BFA07}.Release|x64.ActiveCfg = Release|Any CPU
		{B4FFB62E-1F3B-4915-AA63-5C0F795BFA07}.Release|x64.Build.0 = Release|Any CPU
		{B4FFB62E-1F3B-4915-AA63-5C0F795BFA07}.Release|x64.Deploy.0 = Release|Any CPU
		{B4FFB62E-1F3B-4915-AA63-5C0F795BFA07}.Release|x86.ActiveCfg = Release|Any CPU
		{B4FFB62E-1F3B-4915-AA63-5C0F795BFA07}.Release|x86.Build.0 = Release|Any CPU
		{B4FFB62E-1F3B-4915-AA63-5C0F795BFA07}.Release|x86.Deploy.0 = Release|Any CPU
		{B1D55260-A0BB-415F-A635-71C261B978D1}.Ad-Hoc|Any CPU.ActiveCfg = Ad-Hoc|iPhone
		{B1D55260-A0BB-415F-A635-71C261B978D1}.Ad-Hoc|Any CPU.Build.0 = Ad-Hoc|iPhone
		{B1D55260-A0BB-415F-A635-71C261B978D1}.Ad-Hoc|Any CPU.Deploy.0 = Ad-Hoc|iPhone
		{B1D55260-A0BB-415F-A635-71C261B978D1}.Ad-Hoc|ARM.ActiveCfg = Ad-Hoc|iPhone
		{B1D55260-A0BB-415F-A635-71C261B978D1}.Ad-Hoc|ARM.Build.0 = Ad-Hoc|iPhone
		{B1D55260-A0BB-415F-A635-71C261B978D1}.Ad-Hoc|ARM.Deploy.0 = Ad-Hoc|iPhone
		{B1D55260-A0BB-415F-A635-71C261B978D1}.Ad-Hoc|iPhone.ActiveCfg = Ad-Hoc|iPhone
		{B1D55260-A0BB-415F-A635-71C261B978D1}.Ad-Hoc|iPhone.Build.0 = Ad-Hoc|iPhone
		{B1D55260-A0BB-415F-A635-71C261B978D1}.Ad-Hoc|iPhone.Deploy.0 = Ad-Hoc|iPhone
		{B1D55260-A0BB-415F-A635-71C261B978D1}.Ad-Hoc|iPhoneSimulator.ActiveCfg = Ad-Hoc|iPhoneSimulator
		{B1D55260-A0BB-415F-A635-71C261B978D1}.Ad-Hoc|iPhoneSimulator.Build.0 = Ad-Hoc|iPhoneSimulator
		{B1D55260-A0BB-415F-A635-71C261B978D1}.Ad-Hoc|iPhoneSimulator.Deploy.0 = Ad-Hoc|iPhoneSimulator
		{B1D55260-A0BB-415F-A635-71C261B978D1}.Ad-Hoc|x64.ActiveCfg = Ad-Hoc|iPhone
		{B1D55260-A0BB-415F-A635-71C261B978D1}.Ad-Hoc|x64.Build.0 = Ad-Hoc|iPhone
		{B1D55260-A0BB-415F-A635-71C261B978D1}.Ad-Hoc|x64.Deploy.0 = Ad-Hoc|iPhone
		{B1D55260-A0BB-415F-A635-71C261B978D1}.Ad-Hoc|x86.ActiveCfg = Ad-Hoc|iPhone
		{B1D55260-A0BB-415F-A635-71C261B978D1}.Ad-Hoc|x86.Build.0 = Ad-Hoc|iPhone
		{B1D55260-A0BB-415F-A635-71C261B978D1}.Ad-Hoc|x86.Deploy.0 = Ad-Hoc|iPhone
		{B1D55260-A0BB-415F-A635-71C261B978D1}.AppStore|Any CPU.ActiveCfg = AppStore|iPhone
		{B1D55260-A0BB-415F-A635-71C261B978D1}.AppStore|Any CPU.Build.0 = AppStore|iPhone
		{B1D55260-A0BB-415F-A635-71C261B978D1}.AppStore|Any CPU.Deploy.0 = AppStore|iPhone
		{B1D55260-A0BB-415F-A635-71C261B978D1}.AppStore|ARM.ActiveCfg = AppStore|iPhone
		{B1D55260-A0BB-415F-A635-71C261B978D1}.AppStore|ARM.Build.0 = AppStore|iPhone
		{B1D55260-A0BB-415F-A635-71C261B978D1}.AppStore|ARM.Deploy.0 = AppStore|iPhone
		{B1D55260-A0BB-415F-A635-71C261B978D1}.AppStore|iPhone.ActiveCfg = AppStore|iPhone
		{B1D55260-A0BB-415F-A635-71C261B978D1}.AppStore|iPhone.Build.0 = AppStore|iPhone
		{B1D55260-A0BB-415F-A635-71C261B978D1}.AppStore|iPhone.Deploy.0 = AppStore|iPhone
		{B1D55260-A0BB-415F-A635-71C261B978D1}.AppStore|iPhoneSimulator.ActiveCfg = AppStore|iPhoneSimulator
		{B1D55260-A0BB-415F-A635-71C261B978D1}.AppStore|iPhoneSimulator.Build.0 = AppStore|iPhoneSimulator
		{B1D55260-A0BB-415F-A635-71C261B978D1}.AppStore|iPhoneSimulator.Deploy.0 = AppStore|iPhoneSimulator
		{B1D55260-A0BB-415F-A635-71C261B978D1}.AppStore|x64.ActiveCfg = AppStore|iPhone
		{B1D55260-A0BB-415F-A635-71C261B978D1}.AppStore|x64.Build.0 = AppStore|iPhone
		{B1D55260-A0BB-415F-A635-71C261B978D1}.AppStore|x64.Deploy.0 = AppStore|iPhone
		{B1D55260-A0BB-415F-A635-71C261B978D1}.AppStore|x86.ActiveCfg = AppStore|iPhone
		{B1D55260-A0BB-415F-A635-71C261B978D1}.AppStore|x86.Build.0 = AppStore|iPhone
		{B1D55260-A0BB-415F-A635-71C261B978D1}.AppStore|x86.Deploy.0 = AppStore|iPhone
		{B1D55260-A0BB-415F-A635-71C261B978D1}.Debug|Any CPU.ActiveCfg = Debug|iPhoneSimulator
		{B1D55260-A0BB-415F-A635-71C261B978D1}.Debug|Any CPU.Build.0 = Debug|iPhoneSimulator
		{B1D55260-A0BB-415F-A635-71C261B978D1}.Debug|Any CPU.Deploy.0 = Debug|iPhoneSimulator
		{B1D55260-A0BB-415F-A635-71C261B978D1}.Debug|ARM.ActiveCfg = Debug|iPhone
		{B1D55260-A0BB-415F-A635-71C261B978D1}.Debug|ARM.Build.0 = Debug|iPhone
		{B1D55260-A0BB-415F-A635-71C261B978D1}.Debug|ARM.Deploy.0 = Debug|iPhone
		{B1D55260-A0BB-415F-A635-71C261B978D1}.Debug|iPhone.ActiveCfg = Debug|iPhone
		{B1D55260-A0BB-415F-A635-71C261B978D1}.Debug|iPhone.Build.0 = Debug|iPhone
		{B1D55260-A0BB-415F-A635-71C261B978D1}.Debug|iPhone.Deploy.0 = Debug|iPhone
		{B1D55260-A0BB-415F-A635-71C261B978D1}.Debug|iPhoneSimulator.ActiveCfg = Debug|iPhoneSimulator
		{B1D55260-A0BB-415F-A635-71C261B978D1}.Debug|iPhoneSimulator.Build.0 = Debug|iPhoneSimulator
		{B1D55260-A0BB-415F-A635-71C261B978D1}.Debug|iPhoneSimulator.Deploy.0 = Debug|iPhoneSimulator
		{B1D55260-A0BB-415F-A635-71C261B978D1}.Debug|x64.ActiveCfg = Debug|iPhone
		{B1D55260-A0BB-415F-A635-71C261B978D1}.Debug|x64.Build.0 = Debug|iPhone
		{B1D55260-A0BB-415F-A635-71C261B978D1}.Debug|x64.Deploy.0 = Debug|iPhone
		{B1D55260-A0BB-415F-A635-71C261B978D1}.Debug|x86.ActiveCfg = Debug|iPhone
		{B1D55260-A0BB-415F-A635-71C261B978D1}.Debug|x86.Build.0 = Debug|iPhone
		{B1D55260-A0BB-415F-A635-71C261B978D1}.Debug|x86.Deploy.0 = Debug|iPhone
		{B1D55260-A0BB-415F-A635-71C261B978D1}.Release|Any CPU.ActiveCfg = Release|iPhone
		{B1D55260-A0BB-415F-A635-71C261B978D1}.Release|Any CPU.Build.0 = Release|iPhone
		{B1D55260-A0BB-415F-A635-71C261B978D1}.Release|Any CPU.Deploy.0 = Release|iPhone
		{B1D55260-A0BB-415F-A635-71C261B978D1}.Release|ARM.ActiveCfg = Release|iPhone
		{B1D55260-A0BB-415F-A635-71C261B978D1}.Release|ARM.Build.0 = Release|iPhone
		{B1D55260-A0BB-415F-A635-71C261B978D1}.Release|ARM.Deploy.0 = Release|iPhone
		{B1D55260-A0BB-415F-A635-71C261B978D1}.Release|iPhone.ActiveCfg = Release|iPhone
		{B1D55260-A0BB-415F-A635-71C261B978D1}.Release|iPhone.Build.0 = Release|iPhone
		{B1D55260-A0BB-415F-A635-71C261B978D1}.Release|iPhone.Deploy.0 = Release|iPhone
		{B1D55260-A0BB-415F-A635-71C261B978D1}.Release|iPhoneSimulator.ActiveCfg = Release|iPhoneSimulator
		{B1D55260-A0BB-415F-A635-71C261B978D1}.Release|iPhoneSimulator.Build.0 = Release|iPhoneSimulator
		{B1D55260-A0BB-415F-A635-71C261B978D1}.Release|iPhoneSimulator.Deploy.0 = Release|iPhoneSimulator
		{B1D55260-A0BB-415F-A635-71C261B978D1}.Release|x64.ActiveCfg = Release|iPhone
		{B1D55260-A0BB-415F-A635-71C261B978D1}.Release|x64.Build.0 = Release|iPhone
		{B1D55260-A0BB-415F-A635-71C261B978D1}.Release|x64.Deploy.0 = Release|iPhone
		{B1D55260-A0BB-415F-A635-71C261B978D1}.Release|x86.ActiveCfg = Release|iPhone
		{B1D55260-A0BB-415F-A635-71C261B978D1}.Release|x86.Build.0 = Release|iPhone
		{B1D55260-A0BB-415F-A635-71C261B978D1}.Release|x86.Deploy.0 = Release|iPhone
		{BC0887B2-1BC2-45EA-A8C7-50120A5BFC02}.Ad-Hoc|Any CPU.ActiveCfg = Release|x86
		{BC0887B2-1BC2-45EA-A8C7-50120A5BFC02}.Ad-Hoc|Any CPU.Build.0 = Release|x86
		{BC0887B2-1BC2-45EA-A8C7-50120A5BFC02}.Ad-Hoc|Any CPU.Deploy.0 = Release|x86
		{BC0887B2-1BC2-45EA-A8C7-50120A5BFC02}.Ad-Hoc|ARM.ActiveCfg = Release|ARM
		{BC0887B2-1BC2-45EA-A8C7-50120A5BFC02}.Ad-Hoc|ARM.Build.0 = Release|ARM
		{BC0887B2-1BC2-45EA-A8C7-50120A5BFC02}.Ad-Hoc|ARM.Deploy.0 = Release|ARM
		{BC0887B2-1BC2-45EA-A8C7-50120A5BFC02}.Ad-Hoc|iPhone.ActiveCfg = Release|x86
		{BC0887B2-1BC2-45EA-A8C7-50120A5BFC02}.Ad-Hoc|iPhone.Build.0 = Release|x86
		{BC0887B2-1BC2-45EA-A8C7-50120A5BFC02}.Ad-Hoc|iPhone.Deploy.0 = Release|x86
		{BC0887B2-1BC2-45EA-A8C7-50120A5BFC02}.Ad-Hoc|iPhoneSimulator.ActiveCfg = Release|x86
		{BC0887B2-1BC2-45EA-A8C7-50120A5BFC02}.Ad-Hoc|iPhoneSimulator.Build.0 = Release|x86
		{BC0887B2-1BC2-45EA-A8C7-50120A5BFC02}.Ad-Hoc|iPhoneSimulator.Deploy.0 = Release|x86
		{BC0887B2-1BC2-45EA-A8C7-50120A5BFC02}.Ad-Hoc|x64.ActiveCfg = Release|x64
		{BC0887B2-1BC2-45EA-A8C7-50120A5BFC02}.Ad-Hoc|x64.Build.0 = Release|x64
		{BC0887B2-1BC2-45EA-A8C7-50120A5BFC02}.Ad-Hoc|x64.Deploy.0 = Release|x64
		{BC0887B2-1BC2-45EA-A8C7-50120A5BFC02}.Ad-Hoc|x86.ActiveCfg = Release|x86
		{BC0887B2-1BC2-45EA-A8C7-50120A5BFC02}.Ad-Hoc|x86.Build.0 = Release|x86
		{BC0887B2-1BC2-45EA-A8C7-50120A5BFC02}.Ad-Hoc|x86.Deploy.0 = Release|x86
		{BC0887B2-1BC2-45EA-A8C7-50120A5BFC02}.AppStore|Any CPU.ActiveCfg = Release|x86
		{BC0887B2-1BC2-45EA-A8C7-50120A5BFC02}.AppStore|Any CPU.Build.0 = Release|x86
		{BC0887B2-1BC2-45EA-A8C7-50120A5BFC02}.AppStore|Any CPU.Deploy.0 = Release|x86
		{BC0887B2-1BC2-45EA-A8C7-50120A5BFC02}.AppStore|ARM.ActiveCfg = Release|ARM
		{BC0887B2-1BC2-45EA-A8C7-50120A5BFC02}.AppStore|ARM.Build.0 = Release|ARM
		{BC0887B2-1BC2-45EA-A8C7-50120A5BFC02}.AppStore|ARM.Deploy.0 = Release|ARM
		{BC0887B2-1BC2-45EA-A8C7-50120A5BFC02}.AppStore|iPhone.ActiveCfg = Release|x86
		{BC0887B2-1BC2-45EA-A8C7-50120A5BFC02}.AppStore|iPhone.Build.0 = Release|x86
		{BC0887B2-1BC2-45EA-A8C7-50120A5BFC02}.AppStore|iPhone.Deploy.0 = Release|x86
		{BC0887B2-1BC2-45EA-A8C7-50120A5BFC02}.AppStore|iPhoneSimulator.ActiveCfg = Release|x86
		{BC0887B2-1BC2-45EA-A8C7-50120A5BFC02}.AppStore|iPhoneSimulator.Build.0 = Release|x86
		{BC0887B2-1BC2-45EA-A8C7-50120A5BFC02}.AppStore|iPhoneSimulator.Deploy.0 = Release|x86
		{BC0887B2-1BC2-45EA-A8C7-50120A5BFC02}.AppStore|x64.ActiveCfg = Release|x64
		{BC0887B2-1BC2-45EA-A8C7-50120A5BFC02}.AppStore|x64.Build.0 = Release|x64
		{BC0887B2-1BC2-45EA-A8C7-50120A5BFC02}.AppStore|x64.Deploy.0 = Release|x64
		{BC0887B2-1BC2-45EA-A8C7-50120A5BFC02}.AppStore|x86.ActiveCfg = Release|x86
		{BC0887B2-1BC2-45EA-A8C7-50120A5BFC02}.AppStore|x86.Build.0 = Release|x86
		{BC0887B2-1BC2-45EA-A8C7-50120A5BFC02}.AppStore|x86.Deploy.0 = Release|x86
		{BC0887B2-1BC2-45EA-A8C7-50120A5BFC02}.Debug|Any CPU.ActiveCfg = Debug|x86
		{BC0887B2-1BC2-45EA-A8C7-50120A5BFC02}.Debug|Any CPU.Build.0 = Debug|x86
		{BC0887B2-1BC2-45EA-A8C7-50120A5BFC02}.Debug|Any CPU.Deploy.0 = Debug|x86
		{BC0887B2-1BC2-45EA-A8C7-50120A5BFC02}.Debug|ARM.ActiveCfg = Debug|ARM
		{BC0887B2-1BC2-45EA-A8C7-50120A5BFC02}.Debug|ARM.Build.0 = Debug|ARM
		{BC0887B2-1BC2-45EA-A8C7-50120A5BFC02}.Debug|ARM.Deploy.0 = Debug|ARM
		{BC0887B2-1BC2-45EA-A8C7-50120A5BFC02}.Debug|iPhone.ActiveCfg = Debug|x86
		{BC0887B2-1BC2-45EA-A8C7-50120A5BFC02}.Debug|iPhone.Build.0 = Debug|x86
		{BC0887B2-1BC2-45EA-A8C7-50120A5BFC02}.Debug|iPhone.Deploy.0 = Debug|x86
		{BC0887B2-1BC2-45EA-A8C7-50120A5BFC02}.Debug|iPhoneSimulator.ActiveCfg = Debug|x86
		{BC0887B2-1BC2-45EA-A8C7-50120A5BFC02}.Debug|iPhoneSimulator.Build.0 = Debug|x86
		{BC0887B2-1BC2-45EA-A8C7-50120A5BFC02}.Debug|iPhoneSimulator.Deploy.0 = Debug|x86
		{BC0887B2-1BC2-45EA-A8C7-50120A5BFC02}.Debug|x64.ActiveCfg = Debug|x64
		{BC0887B2-1BC2-45EA-A8C7-50120A5BFC02}.Debug|x64.Build.0 = Debug|x64
		{BC0887B2-1BC2-45EA-A8C7-50120A5BFC02}.Debug|x64.Deploy.0 = Debug|x64
		{BC0887B2-1BC2-45EA-A8C7-50120A5BFC02}.Debug|x86.ActiveCfg = Debug|x86
		{BC0887B2-1BC2-45EA-A8C7-50120A5BFC02}.Debug|x86.Build.0 = Debug|x86
		{BC0887B2-1BC2-45EA-A8C7-50120A5BFC02}.Debug|x86.Deploy.0 = Debug|x86
		{BC0887B2-1BC2-45EA-A8C7-50120A5BFC02}.Release|Any CPU.ActiveCfg = Release|x86
		{BC0887B2-1BC2-45EA-A8C7-50120A5BFC02}.Release|Any CPU.Build.0 = Release|x86
		{BC0887B2-1BC2-45EA-A8C7-50120A5BFC02}.Release|Any CPU.Deploy.0 = Release|x86
		{BC0887B2-1BC2-45EA-A8C7-50120A5BFC02}.Release|ARM.ActiveCfg = Release|ARM
		{BC0887B2-1BC2-45EA-A8C7-50120A5BFC02}.Release|ARM.Build.0 = Release|ARM
		{BC0887B2-1BC2-45EA-A8C7-50120A5BFC02}.Release|ARM.Deploy.0 = Release|ARM
		{BC0887B2-1BC2-45EA-A8C7-50120A5BFC02}.Release|iPhone.ActiveCfg = Release|x86
		{BC0887B2-1BC2-45EA-A8C7-50120A5BFC02}.Release|iPhone.Build.0 = Release|x86
		{BC0887B2-1BC2-45EA-A8C7-50120A5BFC02}.Release|iPhone.Deploy.0 = Release|x86
		{BC0887B2-1BC2-45EA-A8C7-50120A5BFC02}.Release|iPhoneSimulator.ActiveCfg = Release|x86
		{BC0887B2-1BC2-45EA-A8C7-50120A5BFC02}.Release|iPhoneSimulator.Build.0 = Release|x86
		{BC0887B2-1BC2-45EA-A8C7-50120A5BFC02}.Release|iPhoneSimulator.Deploy.0 = Release|x86
		{BC0887B2-1BC2-45EA-A8C7-50120A5BFC02}.Release|x64.ActiveCfg = Release|x64
		{BC0887B2-1BC2-45EA-A8C7-50120A5BFC02}.Release|x64.Build.0 = Release|x64
		{BC0887B2-1BC2-45EA-A8C7-50120A5BFC02}.Release|x64.Deploy.0 = Release|x64
		{BC0887B2-1BC2-45EA-A8C7-50120A5BFC02}.Release|x86.ActiveCfg = Release|x86
		{BC0887B2-1BC2-45EA-A8C7-50120A5BFC02}.Release|x86.Build.0 = Release|x86
		{BC0887B2-1BC2-45EA-A8C7-50120A5BFC02}.Release|x86.Deploy.0 = Release|x86
		{B1D47FF4-9257-4DFB-8B37-30ECBA1A8EA8}.Ad-Hoc|Any CPU.ActiveCfg = Debug|Any CPU
		{B1D47FF4-9257-4DFB-8B37-30ECBA1A8EA8}.Ad-Hoc|Any CPU.Build.0 = Debug|Any CPU
		{B1D47FF4-9257-4DFB-8B37-30ECBA1A8EA8}.Ad-Hoc|Any CPU.Deploy.0 = Debug|Any CPU
		{B1D47FF4-9257-4DFB-8B37-30ECBA1A8EA8}.Ad-Hoc|ARM.ActiveCfg = Debug|Any CPU
		{B1D47FF4-9257-4DFB-8B37-30ECBA1A8EA8}.Ad-Hoc|ARM.Build.0 = Debug|Any CPU
		{B1D47FF4-9257-4DFB-8B37-30ECBA1A8EA8}.Ad-Hoc|ARM.Deploy.0 = Debug|Any CPU
		{B1D47FF4-9257-4DFB-8B37-30ECBA1A8EA8}.Ad-Hoc|iPhone.ActiveCfg = Debug|Any CPU
		{B1D47FF4-9257-4DFB-8B37-30ECBA1A8EA8}.Ad-Hoc|iPhone.Build.0 = Debug|Any CPU
		{B1D47FF4-9257-4DFB-8B37-30ECBA1A8EA8}.Ad-Hoc|iPhone.Deploy.0 = Debug|Any CPU
		{B1D47FF4-9257-4DFB-8B37-30ECBA1A8EA8}.Ad-Hoc|iPhoneSimulator.ActiveCfg = Debug|Any CPU
		{B1D47FF4-9257-4DFB-8B37-30ECBA1A8EA8}.Ad-Hoc|iPhoneSimulator.Build.0 = Debug|Any CPU
		{B1D47FF4-9257-4DFB-8B37-30ECBA1A8EA8}.Ad-Hoc|iPhoneSimulator.Deploy.0 = Debug|Any CPU
		{B1D47FF4-9257-4DFB-8B37-30ECBA1A8EA8}.Ad-Hoc|x64.ActiveCfg = Debug|Any CPU
		{B1D47FF4-9257-4DFB-8B37-30ECBA1A8EA8}.Ad-Hoc|x64.Build.0 = Debug|Any CPU
		{B1D47FF4-9257-4DFB-8B37-30ECBA1A8EA8}.Ad-Hoc|x64.Deploy.0 = Debug|Any CPU
		{B1D47FF4-9257-4DFB-8B37-30ECBA1A8EA8}.Ad-Hoc|x86.ActiveCfg = Debug|Any CPU
		{B1D47FF4-9257-4DFB-8B37-30ECBA1A8EA8}.Ad-Hoc|x86.Build.0 = Debug|Any CPU
		{B1D47FF4-9257-4DFB-8B37-30ECBA1A8EA8}.Ad-Hoc|x86.Deploy.0 = Debug|Any CPU
		{B1D47FF4-9257-4DFB-8B37-30ECBA1A8EA8}.AppStore|Any CPU.ActiveCfg = Debug|Any CPU
		{B1D47FF4-9257-4DFB-8B37-30ECBA1A8EA8}.AppStore|Any CPU.Build.0 = Debug|Any CPU
		{B1D47FF4-9257-4DFB-8B37-30ECBA1A8EA8}.AppStore|Any CPU.Deploy.0 = Debug|Any CPU
		{B1D47FF4-9257-4DFB-8B37-30ECBA1A8EA8}.AppStore|ARM.ActiveCfg = Debug|Any CPU
		{B1D47FF4-9257-4DFB-8B37-30ECBA1A8EA8}.AppStore|ARM.Build.0 = Debug|Any CPU
		{B1D47FF4-9257-4DFB-8B37-30ECBA1A8EA8}.AppStore|ARM.Deploy.0 = Debug|Any CPU
		{B1D47FF4-9257-4DFB-8B37-30ECBA1A8EA8}.AppStore|iPhone.ActiveCfg = Debug|Any CPU
		{B1D47FF4-9257-4DFB-8B37-30ECBA1A8EA8}.AppStore|iPhone.Build.0 = Debug|Any CPU
		{B1D47FF4-9257-4DFB-8B37-30ECBA1A8EA8}.AppStore|iPhone.Deploy.0 = Debug|Any CPU
		{B1D47FF4-9257-4DFB-8B37-30ECBA1A8EA8}.AppStore|iPhoneSimulator.ActiveCfg = Debug|Any CPU
		{B1D47FF4-9257-4DFB-8B37-30ECBA1A8EA8}.AppStore|iPhoneSimulator.Build.0 = Debug|Any CPU
		{B1D47FF4-9257-4DFB-8B37-30ECBA1A8EA8}.AppStore|iPhoneSimulator.Deploy.0 = Debug|Any CPU
		{B1D47FF4-9257-4DFB-8B37-30ECBA1A8EA8}.AppStore|x64.ActiveCfg = Debug|Any CPU
		{B1D47FF4-9257-4DFB-8B37-30ECBA1A8EA8}.AppStore|x64.Build.0 = Debug|Any CPU
		{B1D47FF4-9257-4DFB-8B37-30ECBA1A8EA8}.AppStore|x64.Deploy.0 = Debug|Any CPU
		{B1D47FF4-9257-4DFB-8B37-30ECBA1A8EA8}.AppStore|x86.ActiveCfg = Debug|Any CPU
		{B1D47FF4-9257-4DFB-8B37-30ECBA1A8EA8}.AppStore|x86.Build.0 = Debug|Any CPU
		{B1D47FF4-9257-4DFB-8B37-30ECBA1A8EA8}.AppStore|x86.Deploy.0 = Debug|Any CPU
		{B1D47FF4-9257-4DFB-8B37-30ECBA1A8EA8}.Debug|Any CPU.ActiveCfg = Debug|Any CPU
		{B1D47FF4-9257-4DFB-8B37-30ECBA1A8EA8}.Debug|Any CPU.Build.0 = Debug|Any CPU
		{B1D47FF4-9257-4DFB-8B37-30ECBA1A8EA8}.Debug|Any CPU.Deploy.0 = Debug|Any CPU
		{B1D47FF4-9257-4DFB-8B37-30ECBA1A8EA8}.Debug|ARM.ActiveCfg = Debug|Any CPU
		{B1D47FF4-9257-4DFB-8B37-30ECBA1A8EA8}.Debug|ARM.Build.0 = Debug|Any CPU
		{B1D47FF4-9257-4DFB-8B37-30ECBA1A8EA8}.Debug|ARM.Deploy.0 = Debug|Any CPU
		{B1D47FF4-9257-4DFB-8B37-30ECBA1A8EA8}.Debug|iPhone.ActiveCfg = Debug|Any CPU
		{B1D47FF4-9257-4DFB-8B37-30ECBA1A8EA8}.Debug|iPhone.Build.0 = Debug|Any CPU
		{B1D47FF4-9257-4DFB-8B37-30ECBA1A8EA8}.Debug|iPhone.Deploy.0 = Debug|Any CPU
		{B1D47FF4-9257-4DFB-8B37-30ECBA1A8EA8}.Debug|iPhoneSimulator.ActiveCfg = Debug|Any CPU
		{B1D47FF4-9257-4DFB-8B37-30ECBA1A8EA8}.Debug|iPhoneSimulator.Build.0 = Debug|Any CPU
		{B1D47FF4-9257-4DFB-8B37-30ECBA1A8EA8}.Debug|iPhoneSimulator.Deploy.0 = Debug|Any CPU
		{B1D47FF4-9257-4DFB-8B37-30ECBA1A8EA8}.Debug|x64.ActiveCfg = Debug|Any CPU
		{B1D47FF4-9257-4DFB-8B37-30ECBA1A8EA8}.Debug|x64.Build.0 = Debug|Any CPU
		{B1D47FF4-9257-4DFB-8B37-30ECBA1A8EA8}.Debug|x64.Deploy.0 = Debug|Any CPU
		{B1D47FF4-9257-4DFB-8B37-30ECBA1A8EA8}.Debug|x86.ActiveCfg = Debug|Any CPU
		{B1D47FF4-9257-4DFB-8B37-30ECBA1A8EA8}.Debug|x86.Build.0 = Debug|Any CPU
		{B1D47FF4-9257-4DFB-8B37-30ECBA1A8EA8}.Debug|x86.Deploy.0 = Debug|Any CPU
		{B1D47FF4-9257-4DFB-8B37-30ECBA1A8EA8}.Release|Any CPU.ActiveCfg = Release|Any CPU
		{B1D47FF4-9257-4DFB-8B37-30ECBA1A8EA8}.Release|Any CPU.Build.0 = Release|Any CPU
		{B1D47FF4-9257-4DFB-8B37-30ECBA1A8EA8}.Release|Any CPU.Deploy.0 = Release|Any CPU
		{B1D47FF4-9257-4DFB-8B37-30ECBA1A8EA8}.Release|ARM.ActiveCfg = Release|Any CPU
		{B1D47FF4-9257-4DFB-8B37-30ECBA1A8EA8}.Release|ARM.Build.0 = Release|Any CPU
		{B1D47FF4-9257-4DFB-8B37-30ECBA1A8EA8}.Release|ARM.Deploy.0 = Release|Any CPU
		{B1D47FF4-9257-4DFB-8B37-30ECBA1A8EA8}.Release|iPhone.ActiveCfg = Release|Any CPU
		{B1D47FF4-9257-4DFB-8B37-30ECBA1A8EA8}.Release|iPhone.Build.0 = Release|Any CPU
		{B1D47FF4-9257-4DFB-8B37-30ECBA1A8EA8}.Release|iPhone.Deploy.0 = Release|Any CPU
		{B1D47FF4-9257-4DFB-8B37-30ECBA1A8EA8}.Release|iPhoneSimulator.ActiveCfg = Release|Any CPU
		{B1D47FF4-9257-4DFB-8B37-30ECBA1A8EA8}.Release|iPhoneSimulator.Build.0 = Release|Any CPU
		{B1D47FF4-9257-4DFB-8B37-30ECBA1A8EA8}.Release|iPhoneSimulator.Deploy.0 = Release|Any CPU
		{B1D47FF4-9257-4DFB-8B37-30ECBA1A8EA8}.Release|x64.ActiveCfg = Release|Any CPU
		{B1D47FF4-9257-4DFB-8B37-30ECBA1A8EA8}.Release|x64.Build.0 = Release|Any CPU
		{B1D47FF4-9257-4DFB-8B37-30ECBA1A8EA8}.Release|x64.Deploy.0 = Release|Any CPU
		{B1D47FF4-9257-4DFB-8B37-30ECBA1A8EA8}.Release|x86.ActiveCfg = Release|Any CPU
		{B1D47FF4-9257-4DFB-8B37-30ECBA1A8EA8}.Release|x86.Build.0 = Release|Any CPU
		{B1D47FF4-9257-4DFB-8B37-30ECBA1A8EA8}.Release|x86.Deploy.0 = Release|Any CPU
		{91EB33DE-C183-48FC-AB01-73F89213E703}.Ad-Hoc|Any CPU.ActiveCfg = Release|Any CPU
		{91EB33DE-C183-48FC-AB01-73F89213E703}.Ad-Hoc|Any CPU.Build.0 = Release|Any CPU
		{91EB33DE-C183-48FC-AB01-73F89213E703}.Ad-Hoc|ARM.ActiveCfg = Release|Any CPU
		{91EB33DE-C183-48FC-AB01-73F89213E703}.Ad-Hoc|ARM.Build.0 = Release|Any CPU
		{91EB33DE-C183-48FC-AB01-73F89213E703}.Ad-Hoc|iPhone.ActiveCfg = Release|Any CPU
		{91EB33DE-C183-48FC-AB01-73F89213E703}.Ad-Hoc|iPhone.Build.0 = Release|Any CPU
		{91EB33DE-C183-48FC-AB01-73F89213E703}.Ad-Hoc|iPhoneSimulator.ActiveCfg = Release|Any CPU
		{91EB33DE-C183-48FC-AB01-73F89213E703}.Ad-Hoc|iPhoneSimulator.Build.0 = Release|Any CPU
		{91EB33DE-C183-48FC-AB01-73F89213E703}.Ad-Hoc|x64.ActiveCfg = Release|Any CPU
		{91EB33DE-C183-48FC-AB01-73F89213E703}.Ad-Hoc|x64.Build.0 = Release|Any CPU
		{91EB33DE-C183-48FC-AB01-73F89213E703}.Ad-Hoc|x86.ActiveCfg = Release|Any CPU
		{91EB33DE-C183-48FC-AB01-73F89213E703}.Ad-Hoc|x86.Build.0 = Release|Any CPU
		{91EB33DE-C183-48FC-AB01-73F89213E703}.AppStore|Any CPU.ActiveCfg = Release|Any CPU
		{91EB33DE-C183-48FC-AB01-73F89213E703}.AppStore|Any CPU.Build.0 = Release|Any CPU
		{91EB33DE-C183-48FC-AB01-73F89213E703}.AppStore|ARM.ActiveCfg = Release|Any CPU
		{91EB33DE-C183-48FC-AB01-73F89213E703}.AppStore|ARM.Build.0 = Release|Any CPU
		{91EB33DE-C183-48FC-AB01-73F89213E703}.AppStore|iPhone.ActiveCfg = Release|Any CPU
		{91EB33DE-C183-48FC-AB01-73F89213E703}.AppStore|iPhone.Build.0 = Release|Any CPU
		{91EB33DE-C183-48FC-AB01-73F89213E703}.AppStore|iPhoneSimulator.ActiveCfg = Release|Any CPU
		{91EB33DE-C183-48FC-AB01-73F89213E703}.AppStore|iPhoneSimulator.Build.0 = Release|Any CPU
		{91EB33DE-C183-48FC-AB01-73F89213E703}.AppStore|x64.ActiveCfg = Release|Any CPU
		{91EB33DE-C183-48FC-AB01-73F89213E703}.AppStore|x64.Build.0 = Release|Any CPU
		{91EB33DE-C183-48FC-AB01-73F89213E703}.AppStore|x86.ActiveCfg = Release|Any CPU
		{91EB33DE-C183-48FC-AB01-73F89213E703}.AppStore|x86.Build.0 = Release|Any CPU
		{91EB33DE-C183-48FC-AB01-73F89213E703}.Debug|Any CPU.ActiveCfg = Debug|Any CPU
		{91EB33DE-C183-48FC-AB01-73F89213E703}.Debug|Any CPU.Build.0 = Debug|Any CPU
		{91EB33DE-C183-48FC-AB01-73F89213E703}.Debug|ARM.ActiveCfg = Debug|Any CPU
		{91EB33DE-C183-48FC-AB01-73F89213E703}.Debug|ARM.Build.0 = Debug|Any CPU
		{91EB33DE-C183-48FC-AB01-73F89213E703}.Debug|iPhone.ActiveCfg = Debug|Any CPU
		{91EB33DE-C183-48FC-AB01-73F89213E703}.Debug|iPhone.Build.0 = Debug|Any CPU
		{91EB33DE-C183-48FC-AB01-73F89213E703}.Debug|iPhoneSimulator.ActiveCfg = Debug|Any CPU
		{91EB33DE-C183-48FC-AB01-73F89213E703}.Debug|iPhoneSimulator.Build.0 = Debug|Any CPU
		{91EB33DE-C183-48FC-AB01-73F89213E703}.Debug|x64.ActiveCfg = Debug|Any CPU
		{91EB33DE-C183-48FC-AB01-73F89213E703}.Debug|x64.Build.0 = Debug|Any CPU
		{91EB33DE-C183-48FC-AB01-73F89213E703}.Debug|x86.ActiveCfg = Debug|Any CPU
		{91EB33DE-C183-48FC-AB01-73F89213E703}.Debug|x86.Build.0 = Debug|Any CPU
		{91EB33DE-C183-48FC-AB01-73F89213E703}.Release|Any CPU.ActiveCfg = Release|Any CPU
		{91EB33DE-C183-48FC-AB01-73F89213E703}.Release|Any CPU.Build.0 = Release|Any CPU
		{91EB33DE-C183-48FC-AB01-73F89213E703}.Release|ARM.ActiveCfg = Release|Any CPU
		{91EB33DE-C183-48FC-AB01-73F89213E703}.Release|ARM.Build.0 = Release|Any CPU
		{91EB33DE-C183-48FC-AB01-73F89213E703}.Release|iPhone.ActiveCfg = Release|Any CPU
		{91EB33DE-C183-48FC-AB01-73F89213E703}.Release|iPhone.Build.0 = Release|Any CPU
		{91EB33DE-C183-48FC-AB01-73F89213E703}.Release|iPhoneSimulator.ActiveCfg = Release|Any CPU
		{91EB33DE-C183-48FC-AB01-73F89213E703}.Release|iPhoneSimulator.Build.0 = Release|Any CPU
		{91EB33DE-C183-48FC-AB01-73F89213E703}.Release|x64.ActiveCfg = Release|Any CPU
		{91EB33DE-C183-48FC-AB01-73F89213E703}.Release|x64.Build.0 = Release|Any CPU
		{91EB33DE-C183-48FC-AB01-73F89213E703}.Release|x86.ActiveCfg = Release|Any CPU
		{91EB33DE-C183-48FC-AB01-73F89213E703}.Release|x86.Build.0 = Release|Any CPU
		{CB628866-A784-460E-AD84-9483E078C66D}.Ad-Hoc|Any CPU.ActiveCfg = Release|Any CPU
		{CB628866-A784-460E-AD84-9483E078C66D}.Ad-Hoc|Any CPU.Build.0 = Release|Any CPU
		{CB628866-A784-460E-AD84-9483E078C66D}.Ad-Hoc|ARM.ActiveCfg = Release|Any CPU
		{CB628866-A784-460E-AD84-9483E078C66D}.Ad-Hoc|ARM.Build.0 = Release|Any CPU
		{CB628866-A784-460E-AD84-9483E078C66D}.Ad-Hoc|iPhone.ActiveCfg = Release|Any CPU
		{CB628866-A784-460E-AD84-9483E078C66D}.Ad-Hoc|iPhone.Build.0 = Release|Any CPU
		{CB628866-A784-460E-AD84-9483E078C66D}.Ad-Hoc|iPhoneSimulator.ActiveCfg = Release|Any CPU
		{CB628866-A784-460E-AD84-9483E078C66D}.Ad-Hoc|iPhoneSimulator.Build.0 = Release|Any CPU
		{CB628866-A784-460E-AD84-9483E078C66D}.Ad-Hoc|x64.ActiveCfg = Release|Any CPU
		{CB628866-A784-460E-AD84-9483E078C66D}.Ad-Hoc|x64.Build.0 = Release|Any CPU
		{CB628866-A784-460E-AD84-9483E078C66D}.Ad-Hoc|x86.ActiveCfg = Release|Any CPU
		{CB628866-A784-460E-AD84-9483E078C66D}.Ad-Hoc|x86.Build.0 = Release|Any CPU
		{CB628866-A784-460E-AD84-9483E078C66D}.AppStore|Any CPU.ActiveCfg = Release|Any CPU
		{CB628866-A784-460E-AD84-9483E078C66D}.AppStore|Any CPU.Build.0 = Release|Any CPU
		{CB628866-A784-460E-AD84-9483E078C66D}.AppStore|ARM.ActiveCfg = Release|Any CPU
		{CB628866-A784-460E-AD84-9483E078C66D}.AppStore|ARM.Build.0 = Release|Any CPU
		{CB628866-A784-460E-AD84-9483E078C66D}.AppStore|iPhone.ActiveCfg = Release|Any CPU
		{CB628866-A784-460E-AD84-9483E078C66D}.AppStore|iPhone.Build.0 = Release|Any CPU
		{CB628866-A784-460E-AD84-9483E078C66D}.AppStore|iPhoneSimulator.ActiveCfg = Release|Any CPU
		{CB628866-A784-460E-AD84-9483E078C66D}.AppStore|iPhoneSimulator.Build.0 = Release|Any CPU
		{CB628866-A784-460E-AD84-9483E078C66D}.AppStore|x64.ActiveCfg = Release|Any CPU
		{CB628866-A784-460E-AD84-9483E078C66D}.AppStore|x64.Build.0 = Release|Any CPU
		{CB628866-A784-460E-AD84-9483E078C66D}.AppStore|x86.ActiveCfg = Release|Any CPU
		{CB628866-A784-460E-AD84-9483E078C66D}.AppStore|x86.Build.0 = Release|Any CPU
		{CB628866-A784-460E-AD84-9483E078C66D}.Debug|Any CPU.ActiveCfg = Debug|Any CPU
		{CB628866-A784-460E-AD84-9483E078C66D}.Debug|Any CPU.Build.0 = Debug|Any CPU
		{CB628866-A784-460E-AD84-9483E078C66D}.Debug|ARM.ActiveCfg = Debug|Any CPU
		{CB628866-A784-460E-AD84-9483E078C66D}.Debug|ARM.Build.0 = Debug|Any CPU
		{CB628866-A784-460E-AD84-9483E078C66D}.Debug|iPhone.ActiveCfg = Debug|Any CPU
		{CB628866-A784-460E-AD84-9483E078C66D}.Debug|iPhone.Build.0 = Debug|Any CPU
		{CB628866-A784-460E-AD84-9483E078C66D}.Debug|iPhoneSimulator.ActiveCfg = Debug|Any CPU
		{CB628866-A784-460E-AD84-9483E078C66D}.Debug|iPhoneSimulator.Build.0 = Debug|Any CPU
		{CB628866-A784-460E-AD84-9483E078C66D}.Debug|x64.ActiveCfg = Debug|Any CPU
		{CB628866-A784-460E-AD84-9483E078C66D}.Debug|x64.Build.0 = Debug|Any CPU
		{CB628866-A784-460E-AD84-9483E078C66D}.Debug|x86.ActiveCfg = Debug|Any CPU
		{CB628866-A784-460E-AD84-9483E078C66D}.Debug|x86.Build.0 = Debug|Any CPU
		{CB628866-A784-460E-AD84-9483E078C66D}.Release|Any CPU.ActiveCfg = Release|Any CPU
		{CB628866-A784-460E-AD84-9483E078C66D}.Release|Any CPU.Build.0 = Release|Any CPU
		{CB628866-A784-460E-AD84-9483E078C66D}.Release|ARM.ActiveCfg = Release|Any CPU
		{CB628866-A784-460E-AD84-9483E078C66D}.Release|ARM.Build.0 = Release|Any CPU
		{CB628866-A784-460E-AD84-9483E078C66D}.Release|iPhone.ActiveCfg = Release|Any CPU
		{CB628866-A784-460E-AD84-9483E078C66D}.Release|iPhone.Build.0 = Release|Any CPU
		{CB628866-A784-460E-AD84-9483E078C66D}.Release|iPhoneSimulator.ActiveCfg = Release|Any CPU
		{CB628866-A784-460E-AD84-9483E078C66D}.Release|iPhoneSimulator.Build.0 = Release|Any CPU
		{CB628866-A784-460E-AD84-9483E078C66D}.Release|x64.ActiveCfg = Release|Any CPU
		{CB628866-A784-460E-AD84-9483E078C66D}.Release|x64.Build.0 = Release|Any CPU
		{CB628866-A784-460E-AD84-9483E078C66D}.Release|x86.ActiveCfg = Release|Any CPU
		{CB628866-A784-460E-AD84-9483E078C66D}.Release|x86.Build.0 = Release|Any CPU
		{91349D0C-3670-420C-AEAF-87F7FCAD6167}.Ad-Hoc|Any CPU.ActiveCfg = Release|Any CPU
		{91349D0C-3670-420C-AEAF-87F7FCAD6167}.Ad-Hoc|Any CPU.Build.0 = Release|Any CPU
		{91349D0C-3670-420C-AEAF-87F7FCAD6167}.Ad-Hoc|ARM.ActiveCfg = Release|Any CPU
		{91349D0C-3670-420C-AEAF-87F7FCAD6167}.Ad-Hoc|ARM.Build.0 = Release|Any CPU
		{91349D0C-3670-420C-AEAF-87F7FCAD6167}.Ad-Hoc|iPhone.ActiveCfg = Release|Any CPU
		{91349D0C-3670-420C-AEAF-87F7FCAD6167}.Ad-Hoc|iPhone.Build.0 = Release|Any CPU
		{91349D0C-3670-420C-AEAF-87F7FCAD6167}.Ad-Hoc|iPhoneSimulator.ActiveCfg = Release|Any CPU
		{91349D0C-3670-420C-AEAF-87F7FCAD6167}.Ad-Hoc|iPhoneSimulator.Build.0 = Release|Any CPU
		{91349D0C-3670-420C-AEAF-87F7FCAD6167}.Ad-Hoc|x64.ActiveCfg = Release|Any CPU
		{91349D0C-3670-420C-AEAF-87F7FCAD6167}.Ad-Hoc|x64.Build.0 = Release|Any CPU
		{91349D0C-3670-420C-AEAF-87F7FCAD6167}.Ad-Hoc|x86.ActiveCfg = Release|Any CPU
		{91349D0C-3670-420C-AEAF-87F7FCAD6167}.Ad-Hoc|x86.Build.0 = Release|Any CPU
		{91349D0C-3670-420C-AEAF-87F7FCAD6167}.AppStore|Any CPU.ActiveCfg = Release|Any CPU
		{91349D0C-3670-420C-AEAF-87F7FCAD6167}.AppStore|Any CPU.Build.0 = Release|Any CPU
		{91349D0C-3670-420C-AEAF-87F7FCAD6167}.AppStore|ARM.ActiveCfg = Release|Any CPU
		{91349D0C-3670-420C-AEAF-87F7FCAD6167}.AppStore|ARM.Build.0 = Release|Any CPU
		{91349D0C-3670-420C-AEAF-87F7FCAD6167}.AppStore|iPhone.ActiveCfg = Release|Any CPU
		{91349D0C-3670-420C-AEAF-87F7FCAD6167}.AppStore|iPhone.Build.0 = Release|Any CPU
		{91349D0C-3670-420C-AEAF-87F7FCAD6167}.AppStore|iPhoneSimulator.ActiveCfg = Release|Any CPU
		{91349D0C-3670-420C-AEAF-87F7FCAD6167}.AppStore|iPhoneSimulator.Build.0 = Release|Any CPU
		{91349D0C-3670-420C-AEAF-87F7FCAD6167}.AppStore|x64.ActiveCfg = Release|Any CPU
		{91349D0C-3670-420C-AEAF-87F7FCAD6167}.AppStore|x64.Build.0 = Release|Any CPU
		{91349D0C-3670-420C-AEAF-87F7FCAD6167}.AppStore|x86.ActiveCfg = Release|Any CPU
		{91349D0C-3670-420C-AEAF-87F7FCAD6167}.AppStore|x86.Build.0 = Release|Any CPU
		{91349D0C-3670-420C-AEAF-87F7FCAD6167}.Debug|Any CPU.ActiveCfg = Debug|Any CPU
		{91349D0C-3670-420C-AEAF-87F7FCAD6167}.Debug|Any CPU.Build.0 = Debug|Any CPU
		{91349D0C-3670-420C-AEAF-87F7FCAD6167}.Debug|ARM.ActiveCfg = Debug|Any CPU
		{91349D0C-3670-420C-AEAF-87F7FCAD6167}.Debug|ARM.Build.0 = Debug|Any CPU
		{91349D0C-3670-420C-AEAF-87F7FCAD6167}.Debug|iPhone.ActiveCfg = Debug|Any CPU
		{91349D0C-3670-420C-AEAF-87F7FCAD6167}.Debug|iPhone.Build.0 = Debug|Any CPU
		{91349D0C-3670-420C-AEAF-87F7FCAD6167}.Debug|iPhoneSimulator.ActiveCfg = Debug|Any CPU
		{91349D0C-3670-420C-AEAF-87F7FCAD6167}.Debug|iPhoneSimulator.Build.0 = Debug|Any CPU
		{91349D0C-3670-420C-AEAF-87F7FCAD6167}.Debug|x64.ActiveCfg = Debug|Any CPU
		{91349D0C-3670-420C-AEAF-87F7FCAD6167}.Debug|x64.Build.0 = Debug|Any CPU
		{91349D0C-3670-420C-AEAF-87F7FCAD6167}.Debug|x86.ActiveCfg = Debug|Any CPU
		{91349D0C-3670-420C-AEAF-87F7FCAD6167}.Debug|x86.Build.0 = Debug|Any CPU
		{91349D0C-3670-420C-AEAF-87F7FCAD6167}.Release|Any CPU.ActiveCfg = Release|Any CPU
		{91349D0C-3670-420C-AEAF-87F7FCAD6167}.Release|Any CPU.Build.0 = Release|Any CPU
		{91349D0C-3670-420C-AEAF-87F7FCAD6167}.Release|ARM.ActiveCfg = Release|Any CPU
		{91349D0C-3670-420C-AEAF-87F7FCAD6167}.Release|ARM.Build.0 = Release|Any CPU
		{91349D0C-3670-420C-AEAF-87F7FCAD6167}.Release|iPhone.ActiveCfg = Release|Any CPU
		{91349D0C-3670-420C-AEAF-87F7FCAD6167}.Release|iPhone.Build.0 = Release|Any CPU
		{91349D0C-3670-420C-AEAF-87F7FCAD6167}.Release|iPhoneSimulator.ActiveCfg = Release|Any CPU
		{91349D0C-3670-420C-AEAF-87F7FCAD6167}.Release|iPhoneSimulator.Build.0 = Release|Any CPU
		{91349D0C-3670-420C-AEAF-87F7FCAD6167}.Release|x64.ActiveCfg = Release|Any CPU
		{91349D0C-3670-420C-AEAF-87F7FCAD6167}.Release|x64.Build.0 = Release|Any CPU
		{91349D0C-3670-420C-AEAF-87F7FCAD6167}.Release|x86.ActiveCfg = Release|Any CPU
		{91349D0C-3670-420C-AEAF-87F7FCAD6167}.Release|x86.Build.0 = Release|Any CPU
		{2C3F4829-1D4D-4FEC-A93C-556031175867}.Ad-Hoc|Any CPU.ActiveCfg = Release|Any CPU
		{2C3F4829-1D4D-4FEC-A93C-556031175867}.Ad-Hoc|Any CPU.Build.0 = Release|Any CPU
		{2C3F4829-1D4D-4FEC-A93C-556031175867}.Ad-Hoc|ARM.ActiveCfg = Release|Any CPU
		{2C3F4829-1D4D-4FEC-A93C-556031175867}.Ad-Hoc|ARM.Build.0 = Release|Any CPU
		{2C3F4829-1D4D-4FEC-A93C-556031175867}.Ad-Hoc|iPhone.ActiveCfg = Release|Any CPU
		{2C3F4829-1D4D-4FEC-A93C-556031175867}.Ad-Hoc|iPhone.Build.0 = Release|Any CPU
		{2C3F4829-1D4D-4FEC-A93C-556031175867}.Ad-Hoc|iPhoneSimulator.ActiveCfg = Release|Any CPU
		{2C3F4829-1D4D-4FEC-A93C-556031175867}.Ad-Hoc|iPhoneSimulator.Build.0 = Release|Any CPU
		{2C3F4829-1D4D-4FEC-A93C-556031175867}.Ad-Hoc|x64.ActiveCfg = Release|Any CPU
		{2C3F4829-1D4D-4FEC-A93C-556031175867}.Ad-Hoc|x64.Build.0 = Release|Any CPU
		{2C3F4829-1D4D-4FEC-A93C-556031175867}.Ad-Hoc|x86.ActiveCfg = Release|Any CPU
		{2C3F4829-1D4D-4FEC-A93C-556031175867}.Ad-Hoc|x86.Build.0 = Release|Any CPU
		{2C3F4829-1D4D-4FEC-A93C-556031175867}.AppStore|Any CPU.ActiveCfg = Release|Any CPU
		{2C3F4829-1D4D-4FEC-A93C-556031175867}.AppStore|Any CPU.Build.0 = Release|Any CPU
		{2C3F4829-1D4D-4FEC-A93C-556031175867}.AppStore|ARM.ActiveCfg = Release|Any CPU
		{2C3F4829-1D4D-4FEC-A93C-556031175867}.AppStore|ARM.Build.0 = Release|Any CPU
		{2C3F4829-1D4D-4FEC-A93C-556031175867}.AppStore|iPhone.ActiveCfg = Release|Any CPU
		{2C3F4829-1D4D-4FEC-A93C-556031175867}.AppStore|iPhone.Build.0 = Release|Any CPU
		{2C3F4829-1D4D-4FEC-A93C-556031175867}.AppStore|iPhoneSimulator.ActiveCfg = Release|Any CPU
		{2C3F4829-1D4D-4FEC-A93C-556031175867}.AppStore|iPhoneSimulator.Build.0 = Release|Any CPU
		{2C3F4829-1D4D-4FEC-A93C-556031175867}.AppStore|x64.ActiveCfg = Release|Any CPU
		{2C3F4829-1D4D-4FEC-A93C-556031175867}.AppStore|x64.Build.0 = Release|Any CPU
		{2C3F4829-1D4D-4FEC-A93C-556031175867}.AppStore|x86.ActiveCfg = Release|Any CPU
		{2C3F4829-1D4D-4FEC-A93C-556031175867}.AppStore|x86.Build.0 = Release|Any CPU
		{2C3F4829-1D4D-4FEC-A93C-556031175867}.Debug|Any CPU.ActiveCfg = Debug|Any CPU
		{2C3F4829-1D4D-4FEC-A93C-556031175867}.Debug|Any CPU.Build.0 = Debug|Any CPU
		{2C3F4829-1D4D-4FEC-A93C-556031175867}.Debug|ARM.ActiveCfg = Debug|Any CPU
		{2C3F4829-1D4D-4FEC-A93C-556031175867}.Debug|ARM.Build.0 = Debug|Any CPU
		{2C3F4829-1D4D-4FEC-A93C-556031175867}.Debug|iPhone.ActiveCfg = Debug|Any CPU
		{2C3F4829-1D4D-4FEC-A93C-556031175867}.Debug|iPhone.Build.0 = Debug|Any CPU
		{2C3F4829-1D4D-4FEC-A93C-556031175867}.Debug|iPhoneSimulator.ActiveCfg = Debug|Any CPU
		{2C3F4829-1D4D-4FEC-A93C-556031175867}.Debug|iPhoneSimulator.Build.0 = Debug|Any CPU
		{2C3F4829-1D4D-4FEC-A93C-556031175867}.Debug|x64.ActiveCfg = Debug|Any CPU
		{2C3F4829-1D4D-4FEC-A93C-556031175867}.Debug|x64.Build.0 = Debug|Any CPU
		{2C3F4829-1D4D-4FEC-A93C-556031175867}.Debug|x86.ActiveCfg = Debug|Any CPU
		{2C3F4829-1D4D-4FEC-A93C-556031175867}.Debug|x86.Build.0 = Debug|Any CPU
		{2C3F4829-1D4D-4FEC-A93C-556031175867}.Release|Any CPU.ActiveCfg = Release|Any CPU
		{2C3F4829-1D4D-4FEC-A93C-556031175867}.Release|Any CPU.Build.0 = Release|Any CPU
		{2C3F4829-1D4D-4FEC-A93C-556031175867}.Release|ARM.ActiveCfg = Release|Any CPU
		{2C3F4829-1D4D-4FEC-A93C-556031175867}.Release|ARM.Build.0 = Release|Any CPU
		{2C3F4829-1D4D-4FEC-A93C-556031175867}.Release|iPhone.ActiveCfg = Release|Any CPU
		{2C3F4829-1D4D-4FEC-A93C-556031175867}.Release|iPhone.Build.0 = Release|Any CPU
		{2C3F4829-1D4D-4FEC-A93C-556031175867}.Release|iPhoneSimulator.ActiveCfg = Release|Any CPU
		{2C3F4829-1D4D-4FEC-A93C-556031175867}.Release|iPhoneSimulator.Build.0 = Release|Any CPU
		{2C3F4829-1D4D-4FEC-A93C-556031175867}.Release|x64.ActiveCfg = Release|Any CPU
		{2C3F4829-1D4D-4FEC-A93C-556031175867}.Release|x64.Build.0 = Release|Any CPU
		{2C3F4829-1D4D-4FEC-A93C-556031175867}.Release|x86.ActiveCfg = Release|Any CPU
		{2C3F4829-1D4D-4FEC-A93C-556031175867}.Release|x86.Build.0 = Release|Any CPU
	EndGlobalSection
	GlobalSection(SolutionProperties) = preSolution
		HideSolutionNode = FALSE
	EndGlobalSection
	GlobalSection(ExtensibilityGlobals) = postSolution
		SolutionGuid = {712B9A0F-FDEF-4F95-AD1A-C6EB703DCE44}
	EndGlobalSection
EndGlobal
